
Microsoft Visual Studio Solution File, Format Version 12.00
# Visual Studio 15
VisualStudioVersion = 15.0.28307.757
MinimumVisualStudioVersion = 10.0.40219.1
Project("{FAE04EC0-301F-11D3-BF4B-00C04F79EFBC}") = "Domain", "DDDDesign\Domain.csproj", "{AFEBD4A6-5406-4189-861E-CA6E89709EB5}"
EndProject
Project("{FAE04EC0-301F-11D3-BF4B-00C04F79EFBC}") = "Infrastructure", "Infrastructure\Infrastructure.csproj", "{5951ADEC-237C-49C0-951E-38EBC64386AE}"
EndProject
Project("{FAE04EC0-301F-11D3-BF4B-00C04F79EFBC}") = "Application", "Service\Application.csproj", "{72C1D6A0-22B4-4114-97DB-8CC16CF9B27D}"
EndProject
Project("{FAE04EC0-301F-11D3-BF4B-00C04F79EFBC}") = "Interface", "Interface\Interface.csproj", "{92DF15BF-F540-4EDA-B722-2AE0F96044F4}"
EndProject
Global
	GlobalSection(SolutionConfigurationPlatforms) = preSolution
		Debug|Any CPU = Debug|Any CPU
		Release|Any CPU = Release|Any CPU
	EndGlobalSection
	GlobalSection(ProjectConfigurationPlatforms) = postSolution
		{AFEBD4A6-5406-4189-861E-CA6E89709EB5}.Debug|Any CPU.ActiveCfg = Debug|Any CPU
		{AFEBD4A6-5406-4189-861E-CA6E89709EB5}.Debug|Any CPU.Build.0 = Debug|Any CPU
		{AFEBD4A6-5406-4189-861E-CA6E89709EB5}.Release|Any CPU.ActiveCfg = Release|Any CPU
		{AFEBD4A6-5406-4189-861E-CA6E89709EB5}.Release|Any CPU.Build.0 = Release|Any CPU
		{5951ADEC-237C-49C0-951E-38EBC64386AE}.Debug|Any CPU.ActiveCfg = Debug|Any CPU
		{5951ADEC-237C-49C0-951E-38EBC64386AE}.Debug|Any CPU.Build.0 = Debug|Any CPU
		{5951ADEC-237C-49C0-951E-38EBC64386AE}.Release|Any CPU.ActiveCfg = Release|Any CPU
		{5951ADEC-237C-49C0-951E-38EBC64386AE}.Release|Any CPU.Build.0 = Release|Any CPU
		{72C1D6A0-22B4-4114-97DB-8CC16CF9B27D}.Debug|Any CPU.ActiveCfg = Debug|Any CPU
		{72C1D6A0-22B4-4114-97DB-8CC16CF9B27D}.Debug|Any CPU.Build.0 = Debug|Any CPU
		{72C1D6A0-22B4-4114-97DB-8CC16CF9B27D}.Release|Any CPU.ActiveCfg = Release|Any CPU
		{72C1D6A0-22B4-4114-97DB-8CC16CF9B27D}.Release|Any CPU.Build.0 = Release|Any CPU
		{92DF15BF-F540-4EDA-B722-2AE0F96044F4}.Debug|Any CPU.ActiveCfg = Debug|Any CPU
		{92DF15BF-F540-4EDA-B722-2AE0F96044F4}.Debug|Any CPU.Build.0 = Debug|Any CPU
		{92DF15BF-F540-4EDA-B722-2AE0F96044F4}.Release|Any CPU.ActiveCfg = Release|Any CPU
		{92DF15BF-F540-4EDA-B722-2AE0F96044F4}.Release|Any CPU.Build.0 = Release|Any CPU
	EndGlobalSection
	GlobalSection(SolutionProperties) = preSolution
		HideSolutionNode = FALSE
	EndGlobalSection
	GlobalSection(ExtensibilityGlobals) = postSolution
		SolutionGuid = {8FA254CE-EBBB-4060-B42C-1F3B2792D7A8}
	EndGlobalSection
EndGlobal
